
Microsoft Visual Studio Solution File, Format Version 12.00
# Visual Studio Version 17
VisualStudioVersion = 17.13.35931.197
MinimumVisualStudioVersion = 10.0.40219.1
Project("{FAE04EC0-301F-11D3-BF4B-00C04F79EFBC}") = "VisualizadorDeProdutos", "VisualizadorDeProdutos\VisualizadorDeProdutos.csproj", "{02033FD1-C490-4D0A-8C0A-386508401058}"
EndProject
Global
	GlobalSection(SolutionConfigurationPlatforms) = preSolution
		Debug|Any CPU = Debug|Any CPU
		Release|Any CPU = Release|Any CPU
	EndGlobalSection
	GlobalSection(ProjectConfigurationPlatforms) = postSolution
		{02033FD1-C490-4D0A-8C0A-386508401058}.Debug|Any CPU.ActiveCfg = Debug|Any CPU
		{02033FD1-C490-4D0A-8C0A-386508401058}.Debug|Any CPU.Build.0 = Debug|Any CPU
		{02033FD1-C490-4D0A-8C0A-386508401058}.Release|Any CPU.ActiveCfg = Release|Any CPU
		{02033FD1-C490-4D0A-8C0A-386508401058}.Release|Any CPU.Build.0 = Release|Any CPU
	EndGlobalSection
	GlobalSection(SolutionProperties) = preSolution
		HideSolutionNode = FALSE
	EndGlobalSection
	GlobalSection(ExtensibilityGlobals) = postSolution
		SolutionGuid = {8735D427-F6DD-4881-8767-9B1A6A8FD65D}
	EndGlobalSection
EndGlobal
